{
  "name": "tracker-votes-topgg",
  "lockfileVersion": 2,
  "requires": true,
  "packages": {
    "": {
      "dependencies": {
        "buchta": "^0.4.25"
      },
      "devDependencies": {
        "bun-types": "^0.4.0"
      }
    },
    "node_modules/buchta": {
      "version": "0.4.25",
      "license": "ISC",
      "dependencies": {
        "mime-types": "^2.1.35"
      },
      "bin": {
        "buchta": "bin/buchta.ts"
      }
    },
    "node_modules/bun-types": {
      "version": "0.4.0",
      "resolved": "https://registry.npmjs.org/bun-types/-/bun-types-0.4.0.tgz",
      "integrity": "sha512-KaXuDgaIHmvpCxpZCVUHTbsfKYRnSKBdzlYMBNjHnav7VCvT6KqEvykd007xP86iCxytO/7C9yLvR2+7JRtMrA==",
      "dev": true
    },
    "node_modules/mime-db": {
      "version": "1.52.0",
      "license": "MIT",
      "engines": {
        "node": ">= 0.6"
      }
    },
    "node_modules/mime-types": {
      "version": "2.1.35",
      "license": "MIT",
      "dependencies": {
        "mime-db": "1.52.0"
      },
      "engines": {
        "node": ">= 0.6"
      }
    }
  },
  "dependencies": {
    "buchta": {
      "version": "0.4.25",
      "requires": {
        "mime-types": "^2.1.35"
      }
    },
    "bun-types": {
      "version": "0.4.0",
      "resolved": "https://registry.npmjs.org/bun-types/-/bun-types-0.4.0.tgz",
      "integrity": "sha512-KaXuDgaIHmvpCxpZCVUHTbsfKYRnSKBdzlYMBNjHnav7VCvT6KqEvykd007xP86iCxytO/7C9yLvR2+7JRtMrA==",
      "dev": true
    },
    "mime-db": {
      "version": "1.52.0"
    },
    "mime-types": {
      "version": "2.1.35",
      "requires": {
        "mime-db": "1.52.0"
      }
    }
  }
}
